
Microsoft Visual Studio Solution File, Format Version 12.00
# Visual Studio Version 17
VisualStudioVersion = 17.6.33815.320
MinimumVisualStudioVersion = 10.0.40219.1
Project("{2150E333-8FDC-42A3-9474-1A3956D46DE8}") = "Primitives3D", "Primitives3D", "{62BB07D4-1A41-4052-8EAE-145BF8690028}"
EndProject
Project("{D954291E-2A0B-460D-934E-DC6B0785DB48}") = "Primitives3D", "Primitives3D\Primitives3D.shproj", "{B9ADD879-CC12-44CC-B809-BCE91FA444DE}"
EndProject
Project("{9A19103F-16F7-4668-BE54-9A1E7A4F7556}") = "Primitives3D.Android", "Primitives3D.Android\Primitives3D.Android.csproj", "{4F4E1F4D-33AC-4CEF-9452-F32CFFDFE140}"
EndProject
Project("{9A19103F-16F7-4668-BE54-9A1E7A4F7556}") = "Primitives3D.BlazorGL", "Primitives3D.BlazorGL\Primitives3D.BlazorGL.csproj", "{1F506D14-8D0A-4B39-9D30-923F4451F1BC}"
EndProject
Project("{2150E333-8FDC-42A3-9474-1A3956D46DE8}") = "XnaFramework", "XnaFramework", "{47A094F0-F7C4-435E-8396-D5DBABC6E351}"
EndProject
Project("{9A19103F-16F7-4668-BE54-9A1E7A4F7556}") = "Xna.Framework", "..\..\..\kni\src\Xna.Framework\Xna.Framework.csproj", "{741B4B1E-89E4-434C-8867-6129838AFD51}"
EndProject
Project("{9A19103F-16F7-4668-BE54-9A1E7A4F7556}") = "Xna.Framework.Content", "..\..\..\kni\src\Xna.Framework.Content\Xna.Framework.Content.csproj", "{1DC4C439-A8A6-4A11-AB3B-A88DCBA05449}"
EndProject
Project("{9A19103F-16F7-4668-BE54-9A1E7A4F7556}") = "Xna.Framework.Graphics", "..\..\..\kni\src\Xna.Framework.Graphics\Xna.Framework.Graphics.csproj", "{4B8D3F73-BBD2-4057-B86B-8B73B957DC0F}"
EndProject
Project("{9A19103F-16F7-4668-BE54-9A1E7A4F7556}") = "Xna.Framework.Game", "..\..\..\kni\src\Xna.Framework.Game\Xna.Framework.Game.csproj", "{90BBD6EF-F386-4F47-88CD-BF386C7D1705}"
EndProject
Project("{9A19103F-16F7-4668-BE54-9A1E7A4F7556}") = "Xna.Framework.Input", "..\..\..\kni\src\Xna.Framework.Input\Xna.Framework.Input.csproj", "{8FB8B257-C091-4C41-B221-75C37B68CD8F}"
EndProject
Project("{9A19103F-16F7-4668-BE54-9A1E7A4F7556}") = "XNA.Framework.Media", "..\..\..\kni\src\Xna.Framework.Media\XNA.Framework.Media.csproj", "{6E0E6284-13FF-4DC7-8FC2-B6D756EAF1FD}"
EndProject
Project("{9A19103F-16F7-4668-BE54-9A1E7A4F7556}") = "Xna.Framework.Audio", "..\..\..\kni\src\Xna.Framework.Audio\Xna.Framework.Audio.csproj", "{3F81F76D-F0F3-44FE-A256-40AF153C33F7}"
EndProject
Project("{9A19103F-16F7-4668-BE54-9A1E7A4F7556}") = "Primitives3D.WindowsDX", "Primitives3D.WindowsDX\Primitives3D.WindowsDX.csproj", "{60460739-74BF-4249-BB31-A58A2CC3BB99}"
EndProject
Project("{9A19103F-16F7-4668-BE54-9A1E7A4F7556}") = "XNA.Framework.Blazor", "..\..\..\kni\Platforms\XNA.Framework.Blazor.csproj", "{DC8E3F12-B6DE-4675-87CD-9A6668895FE5}"
EndProject
Project("{9A19103F-16F7-4668-BE54-9A1E7A4F7556}") = "Primitives3D.DesktopGL", "Primitives3D.DesktopGL\Primitives3D.DesktopGL.csproj", "{CE77355B-D921-44A2-9FA3-A30A584070BD}"
EndProject
Project("{2150E333-8FDC-42A3-9474-1A3956D46DE8}") = "Platforms", "Platforms", "{FAA1623E-8D87-4963-AF4E-3D26FBC0EE12}"
EndProject
Project("{9A19103F-16F7-4668-BE54-9A1E7A4F7556}") = "MonoGame.Framework.DesktopGL", "..\..\..\kni\Platforms\MonoGame.Framework.DesktopGL.csproj", "{9E4F5A33-1B1F-4B52-B641-EE7F23319B8E}"
EndProject
Project("{9A19103F-16F7-4668-BE54-9A1E7A4F7556}") = "XNA.Framework.WindowsDX11", "..\..\..\kni\Platforms\XNA.Framework.WindowsDX11.csproj", "{7DE47032-A904-4C29-BD22-2D235E8D91BA}"
EndProject
Global
	GlobalSection(SolutionConfigurationPlatforms) = preSolution
		Debug|Any CPU = Debug|Any CPU
		Debug|ARM = Debug|ARM
		Debug|x64 = Debug|x64
		Debug|x86 = Debug|x86
		Release|Any CPU = Release|Any CPU
		Release|ARM = Release|ARM
		Release|x64 = Release|x64
		Release|x86 = Release|x86
	EndGlobalSection
	GlobalSection(ProjectConfigurationPlatforms) = postSolution
		{4F4E1F4D-33AC-4CEF-9452-F32CFFDFE140}.Debug|Any CPU.ActiveCfg = Debug|Any CPU
		{4F4E1F4D-33AC-4CEF-9452-F32CFFDFE140}.Debug|Any CPU.Build.0 = Debug|Any CPU
		{4F4E1F4D-33AC-4CEF-9452-F32CFFDFE140}.Debug|Any CPU.Deploy.0 = Debug|Any CPU
		{4F4E1F4D-33AC-4CEF-9452-F32CFFDFE140}.Debug|ARM.ActiveCfg = Debug|Any CPU
		{4F4E1F4D-33AC-4CEF-9452-F32CFFDFE140}.Debug|ARM.Build.0 = Debug|Any CPU
		{4F4E1F4D-33AC-4CEF-9452-F32CFFDFE140}.Debug|ARM.Deploy.0 = Debug|Any CPU
		{4F4E1F4D-33AC-4CEF-9452-F32CFFDFE140}.Debug|x64.ActiveCfg = Debug|Any CPU
		{4F4E1F4D-33AC-4CEF-9452-F32CFFDFE140}.Debug|x64.Build.0 = Debug|Any CPU
		{4F4E1F4D-33AC-4CEF-9452-F32CFFDFE140}.Debug|x64.Deploy.0 = Debug|Any CPU
		{4F4E1F4D-33AC-4CEF-9452-F32CFFDFE140}.Debug|x86.ActiveCfg = Debug|Any CPU
		{4F4E1F4D-33AC-4CEF-9452-F32CFFDFE140}.Debug|x86.Build.0 = Debug|Any CPU
		{4F4E1F4D-33AC-4CEF-9452-F32CFFDFE140}.Debug|x86.Deploy.0 = Debug|Any CPU
		{4F4E1F4D-33AC-4CEF-9452-F32CFFDFE140}.Release|Any CPU.ActiveCfg = Release|Any CPU
		{4F4E1F4D-33AC-4CEF-9452-F32CFFDFE140}.Release|Any CPU.Build.0 = Release|Any CPU
		{4F4E1F4D-33AC-4CEF-9452-F32CFFDFE140}.Release|Any CPU.Deploy.0 = Release|Any CPU
		{4F4E1F4D-33AC-4CEF-9452-F32CFFDFE140}.Release|ARM.ActiveCfg = Release|Any CPU
		{4F4E1F4D-33AC-4CEF-9452-F32CFFDFE140}.Release|ARM.Build.0 = Release|Any CPU
		{4F4E1F4D-33AC-4CEF-9452-F32CFFDFE140}.Release|ARM.Deploy.0 = Release|Any CPU
		{4F4E1F4D-33AC-4CEF-9452-F32CFFDFE140}.Release|x64.ActiveCfg = Release|Any CPU
		{4F4E1F4D-33AC-4CEF-9452-F32CFFDFE140}.Release|x64.Build.0 = Release|Any CPU
		{4F4E1F4D-33AC-4CEF-9452-F32CFFDFE140}.Release|x64.Deploy.0 = Release|Any CPU
		{4F4E1F4D-33AC-4CEF-9452-F32CFFDFE140}.Release|x86.ActiveCfg = Release|Any CPU
		{4F4E1F4D-33AC-4CEF-9452-F32CFFDFE140}.Release|x86.Build.0 = Release|Any CPU
		{4F4E1F4D-33AC-4CEF-9452-F32CFFDFE140}.Release|x86.Deploy.0 = Release|Any CPU
		{1F506D14-8D0A-4B39-9D30-923F4451F1BC}.Debug|Any CPU.ActiveCfg = Debug|Any CPU
		{1F506D14-8D0A-4B39-9D30-923F4451F1BC}.Debug|Any CPU.Build.0 = Debug|Any CPU
		{1F506D14-8D0A-4B39-9D30-923F4451F1BC}.Debug|ARM.ActiveCfg = Debug|Any CPU
		{1F506D14-8D0A-4B39-9D30-923F4451F1BC}.Debug|ARM.Build.0 = Debug|Any CPU
		{1F506D14-8D0A-4B39-9D30-923F4451F1BC}.Debug|x64.ActiveCfg = Debug|Any CPU
		{1F506D14-8D0A-4B39-9D30-923F4451F1BC}.Debug|x64.Build.0 = Debug|Any CPU
		{1F506D14-8D0A-4B39-9D30-923F4451F1BC}.Debug|x86.ActiveCfg = Debug|Any CPU
		{1F506D14-8D0A-4B39-9D30-923F4451F1BC}.Debug|x86.Build.0 = Debug|Any CPU
		{1F506D14-8D0A-4B39-9D30-923F4451F1BC}.Release|Any CPU.ActiveCfg = Release|Any CPU
		{1F506D14-8D0A-4B39-9D30-923F4451F1BC}.Release|Any CPU.Build.0 = Release|Any CPU
		{1F506D14-8D0A-4B39-9D30-923F4451F1BC}.Release|ARM.ActiveCfg = Release|Any CPU
		{1F506D14-8D0A-4B39-9D30-923F4451F1BC}.Release|ARM.Build.0 = Release|Any CPU
		{1F506D14-8D0A-4B39-9D30-923F4451F1BC}.Release|x64.ActiveCfg = Release|Any CPU
		{1F506D14-8D0A-4B39-9D30-923F4451F1BC}.Release|x64.Build.0 = Release|Any CPU
		{1F506D14-8D0A-4B39-9D30-923F4451F1BC}.Release|x86.ActiveCfg = Release|Any CPU
		{1F506D14-8D0A-4B39-9D30-923F4451F1BC}.Release|x86.Build.0 = Release|Any CPU
		{741B4B1E-89E4-434C-8867-6129838AFD51}.Debug|Any CPU.ActiveCfg = Debug|Any CPU
		{741B4B1E-89E4-434C-8867-6129838AFD51}.Debug|Any CPU.Build.0 = Debug|Any CPU
		{741B4B1E-89E4-434C-8867-6129838AFD51}.Debug|ARM.ActiveCfg = Debug|Any CPU
		{741B4B1E-89E4-434C-8867-6129838AFD51}.Debug|ARM.Build.0 = Debug|Any CPU
		{741B4B1E-89E4-434C-8867-6129838AFD51}.Debug|x64.ActiveCfg = Debug|Any CPU
		{741B4B1E-89E4-434C-8867-6129838AFD51}.Debug|x64.Build.0 = Debug|Any CPU
		{741B4B1E-89E4-434C-8867-6129838AFD51}.Debug|x86.ActiveCfg = Debug|Any CPU
		{741B4B1E-89E4-434C-8867-6129838AFD51}.Debug|x86.Build.0 = Debug|Any CPU
		{741B4B1E-89E4-434C-8867-6129838AFD51}.Release|Any CPU.ActiveCfg = Release|Any CPU
		{741B4B1E-89E4-434C-8867-6129838AFD51}.Release|Any CPU.Build.0 = Release|Any CPU
		{741B4B1E-89E4-434C-8867-6129838AFD51}.Release|ARM.ActiveCfg = Release|Any CPU
		{741B4B1E-89E4-434C-8867-6129838AFD51}.Release|ARM.Build.0 = Release|Any CPU
		{741B4B1E-89E4-434C-8867-6129838AFD51}.Release|x64.ActiveCfg = Release|Any CPU
		{741B4B1E-89E4-434C-8867-6129838AFD51}.Release|x64.Build.0 = Release|Any CPU
		{741B4B1E-89E4-434C-8867-6129838AFD51}.Release|x86.ActiveCfg = Release|Any CPU
		{741B4B1E-89E4-434C-8867-6129838AFD51}.Release|x86.Build.0 = Release|Any CPU
		{1DC4C439-A8A6-4A11-AB3B-A88DCBA05449}.Debug|Any CPU.ActiveCfg = Debug|Any CPU
		{1DC4C439-A8A6-4A11-AB3B-A88DCBA05449}.Debug|Any CPU.Build.0 = Debug|Any CPU
		{1DC4C439-A8A6-4A11-AB3B-A88DCBA05449}.Debug|ARM.ActiveCfg = Debug|Any CPU
		{1DC4C439-A8A6-4A11-AB3B-A88DCBA05449}.Debug|ARM.Build.0 = Debug|Any CPU
		{1DC4C439-A8A6-4A11-AB3B-A88DCBA05449}.Debug|x64.ActiveCfg = Debug|Any CPU
		{1DC4C439-A8A6-4A11-AB3B-A88DCBA05449}.Debug|x64.Build.0 = Debug|Any CPU
		{1DC4C439-A8A6-4A11-AB3B-A88DCBA05449}.Debug|x86.ActiveCfg = Debug|Any CPU
		{1DC4C439-A8A6-4A11-AB3B-A88DCBA05449}.Debug|x86.Build.0 = Debug|Any CPU
		{1DC4C439-A8A6-4A11-AB3B-A88DCBA05449}.Release|Any CPU.ActiveCfg = Release|Any CPU
		{1DC4C439-A8A6-4A11-AB3B-A88DCBA05449}.Release|Any CPU.Build.0 = Release|Any CPU
		{1DC4C439-A8A6-4A11-AB3B-A88DCBA05449}.Release|ARM.ActiveCfg = Release|Any CPU
		{1DC4C439-A8A6-4A11-AB3B-A88DCBA05449}.Release|ARM.Build.0 = Release|Any CPU
		{1DC4C439-A8A6-4A11-AB3B-A88DCBA05449}.Release|x64.ActiveCfg = Release|Any CPU
		{1DC4C439-A8A6-4A11-AB3B-A88DCBA05449}.Release|x64.Build.0 = Release|Any CPU
		{1DC4C439-A8A6-4A11-AB3B-A88DCBA05449}.Release|x86.ActiveCfg = Release|Any CPU
		{1DC4C439-A8A6-4A11-AB3B-A88DCBA05449}.Release|x86.Build.0 = Release|Any CPU
		{4B8D3F73-BBD2-4057-B86B-8B73B957DC0F}.Debug|Any CPU.ActiveCfg = Debug|Any CPU
		{4B8D3F73-BBD2-4057-B86B-8B73B957DC0F}.Debug|Any CPU.Build.0 = Debug|Any CPU
		{4B8D3F73-BBD2-4057-B86B-8B73B957DC0F}.Debug|ARM.ActiveCfg = Debug|Any CPU
		{4B8D3F73-BBD2-4057-B86B-8B73B957DC0F}.Debug|ARM.Build.0 = Debug|Any CPU
		{4B8D3F73-BBD2-4057-B86B-8B73B957DC0F}.Debug|x64.ActiveCfg = Debug|Any CPU
		{4B8D3F73-BBD2-4057-B86B-8B73B957DC0F}.Debug|x64.Build.0 = Debug|Any CPU
		{4B8D3F73-BBD2-4057-B86B-8B73B957DC0F}.Debug|x86.ActiveCfg = Debug|Any CPU
		{4B8D3F73-BBD2-4057-B86B-8B73B957DC0F}.Debug|x86.Build.0 = Debug|Any CPU
		{4B8D3F73-BBD2-4057-B86B-8B73B957DC0F}.Release|Any CPU.ActiveCfg = Release|Any CPU
		{4B8D3F73-BBD2-4057-B86B-8B73B957DC0F}.Release|Any CPU.Build.0 = Release|Any CPU
		{4B8D3F73-BBD2-4057-B86B-8B73B957DC0F}.Release|ARM.ActiveCfg = Release|Any CPU
		{4B8D3F73-BBD2-4057-B86B-8B73B957DC0F}.Release|ARM.Build.0 = Release|Any CPU
		{4B8D3F73-BBD2-4057-B86B-8B73B957DC0F}.Release|x64.ActiveCfg = Release|Any CPU
		{4B8D3F73-BBD2-4057-B86B-8B73B957DC0F}.Release|x64.Build.0 = Release|Any CPU
		{4B8D3F73-BBD2-4057-B86B-8B73B957DC0F}.Release|x86.ActiveCfg = Release|Any CPU
		{4B8D3F73-BBD2-4057-B86B-8B73B957DC0F}.Release|x86.Build.0 = Release|Any CPU
		{90BBD6EF-F386-4F47-88CD-BF386C7D1705}.Debug|Any CPU.ActiveCfg = Debug|Any CPU
		{90BBD6EF-F386-4F47-88CD-BF386C7D1705}.Debug|Any CPU.Build.0 = Debug|Any CPU
		{90BBD6EF-F386-4F47-88CD-BF386C7D1705}.Debug|ARM.ActiveCfg = Debug|Any CPU
		{90BBD6EF-F386-4F47-88CD-BF386C7D1705}.Debug|ARM.Build.0 = Debug|Any CPU
		{90BBD6EF-F386-4F47-88CD-BF386C7D1705}.Debug|x64.ActiveCfg = Debug|Any CPU
		{90BBD6EF-F386-4F47-88CD-BF386C7D1705}.Debug|x64.Build.0 = Debug|Any CPU
		{90BBD6EF-F386-4F47-88CD-BF386C7D1705}.Debug|x86.ActiveCfg = Debug|Any CPU
		{90BBD6EF-F386-4F47-88CD-BF386C7D1705}.Debug|x86.Build.0 = Debug|Any CPU
		{90BBD6EF-F386-4F47-88CD-BF386C7D1705}.Release|Any CPU.ActiveCfg = Release|Any CPU
		{90BBD6EF-F386-4F47-88CD-BF386C7D1705}.Release|Any CPU.Build.0 = Release|Any CPU
		{90BBD6EF-F386-4F47-88CD-BF386C7D1705}.Release|ARM.ActiveCfg = Release|Any CPU
		{90BBD6EF-F386-4F47-88CD-BF386C7D1705}.Release|ARM.Build.0 = Release|Any CPU
		{90BBD6EF-F386-4F47-88CD-BF386C7D1705}.Release|x64.ActiveCfg = Release|Any CPU
		{90BBD6EF-F386-4F47-88CD-BF386C7D1705}.Release|x64.Build.0 = Release|Any CPU
		{90BBD6EF-F386-4F47-88CD-BF386C7D1705}.Release|x86.ActiveCfg = Release|Any CPU
		{90BBD6EF-F386-4F47-88CD-BF386C7D1705}.Release|x86.Build.0 = Release|Any CPU
		{8FB8B257-C091-4C41-B221-75C37B68CD8F}.Debug|Any CPU.ActiveCfg = Debug|Any CPU
		{8FB8B257-C091-4C41-B221-75C37B68CD8F}.Debug|Any CPU.Build.0 = Debug|Any CPU
		{8FB8B257-C091-4C41-B221-75C37B68CD8F}.Debug|ARM.ActiveCfg = Debug|Any CPU
		{8FB8B257-C091-4C41-B221-75C37B68CD8F}.Debug|ARM.Build.0 = Debug|Any CPU
		{8FB8B257-C091-4C41-B221-75C37B68CD8F}.Debug|x64.ActiveCfg = Debug|Any CPU
		{8FB8B257-C091-4C41-B221-75C37B68CD8F}.Debug|x64.Build.0 = Debug|Any CPU
		{8FB8B257-C091-4C41-B221-75C37B68CD8F}.Debug|x86.ActiveCfg = Debug|Any CPU
		{8FB8B257-C091-4C41-B221-75C37B68CD8F}.Debug|x86.Build.0 = Debug|Any CPU
		{8FB8B257-C091-4C41-B221-75C37B68CD8F}.Release|Any CPU.ActiveCfg = Release|Any CPU
		{8FB8B257-C091-4C41-B221-75C37B68CD8F}.Release|Any CPU.Build.0 = Release|Any CPU
		{8FB8B257-C091-4C41-B221-75C37B68CD8F}.Release|ARM.ActiveCfg = Release|Any CPU
		{8FB8B257-C091-4C41-B221-75C37B68CD8F}.Release|ARM.Build.0 = Release|Any CPU
		{8FB8B257-C091-4C41-B221-75C37B68CD8F}.Release|x64.ActiveCfg = Release|Any CPU
		{8FB8B257-C091-4C41-B221-75C37B68CD8F}.Release|x64.Build.0 = Release|Any CPU
		{8FB8B257-C091-4C41-B221-75C37B68CD8F}.Release|x86.ActiveCfg = Release|Any CPU
		{8FB8B257-C091-4C41-B221-75C37B68CD8F}.Release|x86.Build.0 = Release|Any CPU
		{6E0E6284-13FF-4DC7-8FC2-B6D756EAF1FD}.Debug|Any CPU.ActiveCfg = Debug|Any CPU
		{6E0E6284-13FF-4DC7-8FC2-B6D756EAF1FD}.Debug|Any CPU.Build.0 = Debug|Any CPU
		{6E0E6284-13FF-4DC7-8FC2-B6D756EAF1FD}.Debug|ARM.ActiveCfg = Debug|Any CPU
		{6E0E6284-13FF-4DC7-8FC2-B6D756EAF1FD}.Debug|ARM.Build.0 = Debug|Any CPU
		{6E0E6284-13FF-4DC7-8FC2-B6D756EAF1FD}.Debug|x64.ActiveCfg = Debug|Any CPU
		{6E0E6284-13FF-4DC7-8FC2-B6D756EAF1FD}.Debug|x64.Build.0 = Debug|Any CPU
		{6E0E6284-13FF-4DC7-8FC2-B6D756EAF1FD}.Debug|x86.ActiveCfg = Debug|Any CPU
		{6E0E6284-13FF-4DC7-8FC2-B6D756EAF1FD}.Debug|x86.Build.0 = Debug|Any CPU
		{6E0E6284-13FF-4DC7-8FC2-B6D756EAF1FD}.Release|Any CPU.ActiveCfg = Release|Any CPU
		{6E0E6284-13FF-4DC7-8FC2-B6D756EAF1FD}.Release|Any CPU.Build.0 = Release|Any CPU
		{6E0E6284-13FF-4DC7-8FC2-B6D756EAF1FD}.Release|ARM.ActiveCfg = Release|Any CPU
		{6E0E6284-13FF-4DC7-8FC2-B6D756EAF1FD}.Release|ARM.Build.0 = Release|Any CPU
		{6E0E6284-13FF-4DC7-8FC2-B6D756EAF1FD}.Release|x64.ActiveCfg = Release|Any CPU
		{6E0E6284-13FF-4DC7-8FC2-B6D756EAF1FD}.Release|x64.Build.0 = Release|Any CPU
		{6E0E6284-13FF-4DC7-8FC2-B6D756EAF1FD}.Release|x86.ActiveCfg = Release|Any CPU
		{6E0E6284-13FF-4DC7-8FC2-B6D756EAF1FD}.Release|x86.Build.0 = Release|Any CPU
		{3F81F76D-F0F3-44FE-A256-40AF153C33F7}.Debug|Any CPU.ActiveCfg = Debug|Any CPU
		{3F81F76D-F0F3-44FE-A256-40AF153C33F7}.Debug|Any CPU.Build.0 = Debug|Any CPU
		{3F81F76D-F0F3-44FE-A256-40AF153C33F7}.Debug|ARM.ActiveCfg = Debug|Any CPU
		{3F81F76D-F0F3-44FE-A256-40AF153C33F7}.Debug|ARM.Build.0 = Debug|Any CPU
		{3F81F76D-F0F3-44FE-A256-40AF153C33F7}.Debug|x64.ActiveCfg = Debug|Any CPU
		{3F81F76D-F0F3-44FE-A256-40AF153C33F7}.Debug|x64.Build.0 = Debug|Any CPU
		{3F81F76D-F0F3-44FE-A256-40AF153C33F7}.Debug|x86.ActiveCfg = Debug|Any CPU
		{3F81F76D-F0F3-44FE-A256-40AF153C33F7}.Debug|x86.Build.0 = Debug|Any CPU
		{3F81F76D-F0F3-44FE-A256-40AF153C33F7}.Release|Any CPU.ActiveCfg = Release|Any CPU
		{3F81F76D-F0F3-44FE-A256-40AF153C33F7}.Release|Any CPU.Build.0 = Release|Any CPU
		{3F81F76D-F0F3-44FE-A256-40AF153C33F7}.Release|ARM.ActiveCfg = Release|Any CPU
		{3F81F76D-F0F3-44FE-A256-40AF153C33F7}.Release|ARM.Build.0 = Release|Any CPU
		{3F81F76D-F0F3-44FE-A256-40AF153C33F7}.Release|x64.ActiveCfg = Release|Any CPU
		{3F81F76D-F0F3-44FE-A256-40AF153C33F7}.Release|x64.Build.0 = Release|Any CPU
		{3F81F76D-F0F3-44FE-A256-40AF153C33F7}.Release|x86.ActiveCfg = Release|Any CPU
		{3F81F76D-F0F3-44FE-A256-40AF153C33F7}.Release|x86.Build.0 = Release|Any CPU
		{60460739-74BF-4249-BB31-A58A2CC3BB99}.Debug|Any CPU.ActiveCfg = Debug|Any CPU
		{60460739-74BF-4249-BB31-A58A2CC3BB99}.Debug|Any CPU.Build.0 = Debug|Any CPU
		{60460739-74BF-4249-BB31-A58A2CC3BB99}.Debug|ARM.ActiveCfg = Debug|Any CPU
		{60460739-74BF-4249-BB31-A58A2CC3BB99}.Debug|ARM.Build.0 = Debug|Any CPU
		{60460739-74BF-4249-BB31-A58A2CC3BB99}.Debug|x64.ActiveCfg = Debug|Any CPU
		{60460739-74BF-4249-BB31-A58A2CC3BB99}.Debug|x64.Build.0 = Debug|Any CPU
		{60460739-74BF-4249-BB31-A58A2CC3BB99}.Debug|x86.ActiveCfg = Debug|Any CPU
		{60460739-74BF-4249-BB31-A58A2CC3BB99}.Debug|x86.Build.0 = Debug|Any CPU
		{60460739-74BF-4249-BB31-A58A2CC3BB99}.Release|Any CPU.ActiveCfg = Release|Any CPU
		{60460739-74BF-4249-BB31-A58A2CC3BB99}.Release|Any CPU.Build.0 = Release|Any CPU
		{60460739-74BF-4249-BB31-A58A2CC3BB99}.Release|ARM.ActiveCfg = Release|Any CPU
		{60460739-74BF-4249-BB31-A58A2CC3BB99}.Release|ARM.Build.0 = Release|Any CPU
		{60460739-74BF-4249-BB31-A58A2CC3BB99}.Release|x64.ActiveCfg = Release|Any CPU
		{60460739-74BF-4249-BB31-A58A2CC3BB99}.Release|x64.Build.0 = Release|Any CPU
		{60460739-74BF-4249-BB31-A58A2CC3BB99}.Release|x86.ActiveCfg = Release|Any CPU
		{60460739-74BF-4249-BB31-A58A2CC3BB99}.Release|x86.Build.0 = Release|Any CPU
		{DC8E3F12-B6DE-4675-87CD-9A6668895FE5}.Debug|Any CPU.ActiveCfg = Debug|Any CPU
		{DC8E3F12-B6DE-4675-87CD-9A6668895FE5}.Debug|Any CPU.Build.0 = Debug|Any CPU
		{DC8E3F12-B6DE-4675-87CD-9A6668895FE5}.Debug|ARM.ActiveCfg = Debug|Any CPU
		{DC8E3F12-B6DE-4675-87CD-9A6668895FE5}.Debug|ARM.Build.0 = Debug|Any CPU
		{DC8E3F12-B6DE-4675-87CD-9A6668895FE5}.Debug|x64.ActiveCfg = Debug|Any CPU
		{DC8E3F12-B6DE-4675-87CD-9A6668895FE5}.Debug|x64.Build.0 = Debug|Any CPU
		{DC8E3F12-B6DE-4675-87CD-9A6668895FE5}.Debug|x86.ActiveCfg = Debug|Any CPU
		{DC8E3F12-B6DE-4675-87CD-9A6668895FE5}.Debug|x86.Build.0 = Debug|Any CPU
		{DC8E3F12-B6DE-4675-87CD-9A6668895FE5}.Release|Any CPU.ActiveCfg = Release|Any CPU
		{DC8E3F12-B6DE-4675-87CD-9A6668895FE5}.Release|Any CPU.Build.0 = Release|Any CPU
		{DC8E3F12-B6DE-4675-87CD-9A6668895FE5}.Release|ARM.ActiveCfg = Release|Any CPU
		{DC8E3F12-B6DE-4675-87CD-9A6668895FE5}.Release|ARM.Build.0 = Release|Any CPU
		{DC8E3F12-B6DE-4675-87CD-9A6668895FE5}.Release|x64.ActiveCfg = Release|Any CPU
		{DC8E3F12-B6DE-4675-87CD-9A6668895FE5}.Release|x64.Build.0 = Release|Any CPU
		{DC8E3F12-B6DE-4675-87CD-9A6668895FE5}.Release|x86.ActiveCfg = Release|Any CPU
		{DC8E3F12-B6DE-4675-87CD-9A6668895FE5}.Release|x86.Build.0 = Release|Any CPU
		{CE77355B-D921-44A2-9FA3-A30A584070BD}.Debug|Any CPU.ActiveCfg = Debug|Any CPU
		{CE77355B-D921-44A2-9FA3-A30A584070BD}.Debug|Any CPU.Build.0 = Debug|Any CPU
		{CE77355B-D921-44A2-9FA3-A30A584070BD}.Debug|ARM.ActiveCfg = Debug|Any CPU
		{CE77355B-D921-44A2-9FA3-A30A584070BD}.Debug|ARM.Build.0 = Debug|Any CPU
		{CE77355B-D921-44A2-9FA3-A30A584070BD}.Debug|x64.ActiveCfg = Debug|Any CPU
		{CE77355B-D921-44A2-9FA3-A30A584070BD}.Debug|x64.Build.0 = Debug|Any CPU
		{CE77355B-D921-44A2-9FA3-A30A584070BD}.Debug|x86.ActiveCfg = Debug|Any CPU
		{CE77355B-D921-44A2-9FA3-A30A584070BD}.Debug|x86.Build.0 = Debug|Any CPU
		{CE77355B-D921-44A2-9FA3-A30A584070BD}.Release|Any CPU.ActiveCfg = Release|Any CPU
		{CE77355B-D921-44A2-9FA3-A30A584070BD}.Release|Any CPU.Build.0 = Release|Any CPU
		{CE77355B-D921-44A2-9FA3-A30A584070BD}.Release|ARM.ActiveCfg = Release|Any CPU
		{CE77355B-D921-44A2-9FA3-A30A584070BD}.Release|ARM.Build.0 = Release|Any CPU
		{CE77355B-D921-44A2-9FA3-A30A584070BD}.Release|x64.ActiveCfg = Release|Any CPU
		{CE77355B-D921-44A2-9FA3-A30A584070BD}.Release|x64.Build.0 = Release|Any CPU
		{CE77355B-D921-44A2-9FA3-A30A584070BD}.Release|x86.ActiveCfg = Release|Any CPU
		{CE77355B-D921-44A2-9FA3-A30A584070BD}.Release|x86.Build.0 = Release|Any CPU
		{9E4F5A33-1B1F-4B52-B641-EE7F23319B8E}.Debug|Any CPU.ActiveCfg = Debug|Any CPU
		{9E4F5A33-1B1F-4B52-B641-EE7F23319B8E}.Debug|Any CPU.Build.0 = Debug|Any CPU
		{9E4F5A33-1B1F-4B52-B641-EE7F23319B8E}.Debug|ARM.ActiveCfg = Debug|Any CPU
		{9E4F5A33-1B1F-4B52-B641-EE7F23319B8E}.Debug|ARM.Build.0 = Debug|Any CPU
		{9E4F5A33-1B1F-4B52-B641-EE7F23319B8E}.Debug|x64.ActiveCfg = Debug|Any CPU
		{9E4F5A33-1B1F-4B52-B641-EE7F23319B8E}.Debug|x64.Build.0 = Debug|Any CPU
		{9E4F5A33-1B1F-4B52-B641-EE7F23319B8E}.Debug|x86.ActiveCfg = Debug|Any CPU
		{9E4F5A33-1B1F-4B52-B641-EE7F23319B8E}.Debug|x86.Build.0 = Debug|Any CPU
		{9E4F5A33-1B1F-4B52-B641-EE7F23319B8E}.Release|Any CPU.ActiveCfg = Release|Any CPU
		{9E4F5A33-1B1F-4B52-B641-EE7F23319B8E}.Release|Any CPU.Build.0 = Release|Any CPU
		{9E4F5A33-1B1F-4B52-B641-EE7F23319B8E}.Release|ARM.ActiveCfg = Release|Any CPU
		{9E4F5A33-1B1F-4B52-B641-EE7F23319B8E}.Release|ARM.Build.0 = Release|Any CPU
		{9E4F5A33-1B1F-4B52-B641-EE7F23319B8E}.Release|x64.ActiveCfg = Release|Any CPU
		{9E4F5A33-1B1F-4B52-B641-EE7F23319B8E}.Release|x64.Build.0 = Release|Any CPU
		{9E4F5A33-1B1F-4B52-B641-EE7F23319B8E}.Release|x86.ActiveCfg = Release|Any CPU
		{9E4F5A33-1B1F-4B52-B641-EE7F23319B8E}.Release|x86.Build.0 = Release|Any CPU
		{7DE47032-A904-4C29-BD22-2D235E8D91BA}.Debug|Any CPU.ActiveCfg = Debug|Any CPU
		{7DE47032-A904-4C29-BD22-2D235E8D91BA}.Debug|Any CPU.Build.0 = Debug|Any CPU
		{7DE47032-A904-4C29-BD22-2D235E8D91BA}.Debug|ARM.ActiveCfg = Debug|Any CPU
		{7DE47032-A904-4C29-BD22-2D235E8D91BA}.Debug|ARM.Build.0 = Debug|Any CPU
		{7DE47032-A904-4C29-BD22-2D235E8D91BA}.Debug|x64.ActiveCfg = Debug|Any CPU
		{7DE47032-A904-4C29-BD22-2D235E8D91BA}.Debug|x64.Build.0 = Debug|Any CPU
		{7DE47032-A904-4C29-BD22-2D235E8D91BA}.Debug|x86.ActiveCfg = Debug|Any CPU
		{7DE47032-A904-4C29-BD22-2D235E8D91BA}.Debug|x86.Build.0 = Debug|Any CPU
		{7DE47032-A904-4C29-BD22-2D235E8D91BA}.Release|Any CPU.ActiveCfg = Release|Any CPU
		{7DE47032-A904-4C29-BD22-2D235E8D91BA}.Release|Any CPU.Build.0 = Release|Any CPU
		{7DE47032-A904-4C29-BD22-2D235E8D91BA}.Release|ARM.ActiveCfg = Release|Any CPU
		{7DE47032-A904-4C29-BD22-2D235E8D91BA}.Release|ARM.Build.0 = Release|Any CPU
		{7DE47032-A904-4C29-BD22-2D235E8D91BA}.Release|x64.ActiveCfg = Release|Any CPU
		{7DE47032-A904-4C29-BD22-2D235E8D91BA}.Release|x64.Build.0 = Release|Any CPU
		{7DE47032-A904-4C29-BD22-2D235E8D91BA}.Release|x86.ActiveCfg = Release|Any CPU
		{7DE47032-A904-4C29-BD22-2D235E8D91BA}.Release|x86.Build.0 = Release|Any CPU
	EndGlobalSection
	GlobalSection(SolutionProperties) = preSolution
		HideSolutionNode = FALSE
	EndGlobalSection
	GlobalSection(NestedProjects) = preSolution
		{B9ADD879-CC12-44CC-B809-BCE91FA444DE} = {62BB07D4-1A41-4052-8EAE-145BF8690028}
		{1F506D14-8D0A-4B39-9D30-923F4451F1BC} = {62BB07D4-1A41-4052-8EAE-145BF8690028}
		{741B4B1E-89E4-434C-8867-6129838AFD51} = {47A094F0-F7C4-435E-8396-D5DBABC6E351}
		{1DC4C439-A8A6-4A11-AB3B-A88DCBA05449} = {47A094F0-F7C4-435E-8396-D5DBABC6E351}
		{4B8D3F73-BBD2-4057-B86B-8B73B957DC0F} = {47A094F0-F7C4-435E-8396-D5DBABC6E351}
		{90BBD6EF-F386-4F47-88CD-BF386C7D1705} = {47A094F0-F7C4-435E-8396-D5DBABC6E351}
		{8FB8B257-C091-4C41-B221-75C37B68CD8F} = {47A094F0-F7C4-435E-8396-D5DBABC6E351}
		{6E0E6284-13FF-4DC7-8FC2-B6D756EAF1FD} = {47A094F0-F7C4-435E-8396-D5DBABC6E351}
		{3F81F76D-F0F3-44FE-A256-40AF153C33F7} = {47A094F0-F7C4-435E-8396-D5DBABC6E351}
		{60460739-74BF-4249-BB31-A58A2CC3BB99} = {62BB07D4-1A41-4052-8EAE-145BF8690028}
		{DC8E3F12-B6DE-4675-87CD-9A6668895FE5} = {FAA1623E-8D87-4963-AF4E-3D26FBC0EE12}
		{CE77355B-D921-44A2-9FA3-A30A584070BD} = {62BB07D4-1A41-4052-8EAE-145BF8690028}
		{9E4F5A33-1B1F-4B52-B641-EE7F23319B8E} = {FAA1623E-8D87-4963-AF4E-3D26FBC0EE12}
		{7DE47032-A904-4C29-BD22-2D235E8D91BA} = {FAA1623E-8D87-4963-AF4E-3D26FBC0EE12}
	EndGlobalSection
	GlobalSection(ExtensibilityGlobals) = postSolution
		        SolutionGuid = {415A0BFD-4C54-4CA9-81D3-0F3A0B1EC3D3}
		SolutionGuid = {C6B53DFC-F98C-49D5-9829-9C86C366DC4C}
	EndGlobalSection
	GlobalSection(SharedMSBuildProjectFiles) = preSolution
		Primitives3D\Primitives3D.projitems*{1f506d14-8d0a-4b39-9d30-923f4451f1bc}*SharedItemsImports = 5
		Primitives3D\Primitives3D.projitems*{4f4e1f4d-33ac-4cef-9452-f32cffdfe140}*SharedItemsImports = 5
		Primitives3D\Primitives3D.projitems*{60460739-74bf-4249-bb31-a58a2cc3bb99}*SharedItemsImports = 5
		Primitives3D\Primitives3D.projitems*{b9add879-cc12-44cc-b809-bce91fa444de}*SharedItemsImports = 13
		Primitives3D\Primitives3D.projitems*{ce77355b-d921-44a2-9fa3-a30a584070bd}*SharedItemsImports = 5
	EndGlobalSection
EndGlobal
