
Microsoft Visual Studio Solution File, Format Version 12.00
# Visual Studio Version 17
VisualStudioVersion = 17.6.33815.320
MinimumVisualStudioVersion = 10.0.40219.1
Project("{2150E333-8FDC-42A3-9474-1A3956D46DE8}") = "Primitives3D", "Primitives3D", "{62BB07D4-1A41-4052-8EAE-145BF8690028}"
EndProject
Project("{D954291E-2A0B-460D-934E-DC6B0785DB48}") = "Primitives3D", "Primitives3D\Primitives3D.shproj", "{B9ADD879-CC12-44CC-B809-BCE91FA444DE}"
EndProject
Project("{9A19103F-16F7-4668-BE54-9A1E7A4F7556}") = "Primitives3D.Android", "Primitives3D.Android\Primitives3D.Android.csproj", "{4F4E1F4D-33AC-4CEF-9452-F32CFFDFE140}"
EndProject
Project("{9A19103F-16F7-4668-BE54-9A1E7A4F7556}") = "Primitives3D.BlazorGL", "Primitives3D.BlazorGL\Primitives3D.BlazorGL.csproj", "{1F506D14-8D0A-4B39-9D30-923F4451F1BC}"
EndProject
Project("{9A19103F-16F7-4668-BE54-9A1E7A4F7556}") = "Primitives3D.WindowsDX", "Primitives3D.WindowsDX\Primitives3D.WindowsDX.csproj", "{60460739-74BF-4249-BB31-A58A2CC3BB99}"
EndProject
Project("{9A19103F-16F7-4668-BE54-9A1E7A4F7556}") = "Primitives3D.DesktopGL", "Primitives3D.DesktopGL\Primitives3D.DesktopGL.csproj", "{CE77355B-D921-44A2-9FA3-A30A584070BD}"
EndProject
Project("{FAE04EC0-301F-11D3-BF4B-00C04F79EFBC}") = "Primitives3D.UWP.Xaml", "Primitives3D.UWP.Xaml\Primitives3D.UWP.Xaml.csproj", "{5E8C190F-13B9-438D-8984-86147082E359}"
EndProject
Project("{FAE04EC0-301F-11D3-BF4B-00C04F79EFBC}") = "Primitives3D.UWP.Core", "Primitives3D.UWP.Core\Primitives3D.UWP.Core.csproj", "{B1D69F86-6D11-4143-97EC-D1795251C387}"
EndProject
Project("{9A19103F-16F7-4668-BE54-9A1E7A4F7556}") = "Primitives3D.OVR", "Primitives3D.OVR\Primitives3D.OVR.csproj", "{47CB82F1-407E-4CC2-8AFD-598300FD1245}"
EndProject
Project("{FAE04EC0-301F-11D3-BF4B-00C04F79EFBC}") = "Primitives3D.BlazorGL.WebXR", "Primitives3D.BlazorGL.WebXR\Primitives3D.BlazorGL.WebXR.csproj", "{9CCBC6D0-83F8-4DAA-A781-7900E089DE76}"
EndProject
Project("{2150E333-8FDC-42A3-9474-1A3956D46DE8}") = "KNI.Framework", "KNI.Framework", "{19ABD283-07DE-49BC-9B29-F3EE45CEFC84}"
EndProject
Project("{2150E333-8FDC-42A3-9474-1A3956D46DE8}") = "KNI.Platform", "KNI.Platform", "{F94BB5EE-467D-45D6-9FE6-4CF72A32B74E}"
EndProject
Project("{FAE04EC0-301F-11D3-BF4B-00C04F79EFBC}") = "Xna.Framework", "..\..\..\kni\src\Xna.Framework\Xna.Framework.csproj", "{741B4B1E-89E4-434C-8867-6129838AFD51}"
EndProject
Project("{FAE04EC0-301F-11D3-BF4B-00C04F79EFBC}") = "Xna.Framework.Audio", "..\..\..\kni\src\Xna.Framework.Audio\Xna.Framework.Audio.csproj", "{3F81F76D-F0F3-44FE-A256-40AF153C33F7}"
EndProject
Project("{FAE04EC0-301F-11D3-BF4B-00C04F79EFBC}") = "Xna.Framework.Content", "..\..\..\kni\src\Xna.Framework.Content\Xna.Framework.Content.csproj", "{1DC4C439-A8A6-4A11-AB3B-A88DCBA05449}"
EndProject
Project("{FAE04EC0-301F-11D3-BF4B-00C04F79EFBC}") = "Xna.Framework.Devices", "..\..\..\kni\src\Xna.Framework.Devices\Xna.Framework.Devices.csproj", "{6B3E56F7-C567-463C-9746-0244FD959322}"
EndProject
Project("{FAE04EC0-301F-11D3-BF4B-00C04F79EFBC}") = "Xna.Framework.Game", "..\..\..\kni\src\Xna.Framework.Game\Xna.Framework.Game.csproj", "{90BBD6EF-F386-4F47-88CD-BF386C7D1705}"
EndProject
Project("{FAE04EC0-301F-11D3-BF4B-00C04F79EFBC}") = "Xna.Framework.Graphics", "..\..\..\kni\src\Xna.Framework.Graphics\Xna.Framework.Graphics.csproj", "{4B8D3F73-BBD2-4057-B86B-8B73B957DC0F}"
EndProject
Project("{FAE04EC0-301F-11D3-BF4B-00C04F79EFBC}") = "Xna.Framework.Input", "..\..\..\kni\src\Xna.Framework.Input\Xna.Framework.Input.csproj", "{8FB8B257-C091-4C41-B221-75C37B68CD8F}"
EndProject
Project("{FAE04EC0-301F-11D3-BF4B-00C04F79EFBC}") = "XNA.Framework.Media", "..\..\..\kni\src\Xna.Framework.Media\XNA.Framework.Media.csproj", "{6E0E6284-13FF-4DC7-8FC2-B6D756EAF1FD}"
EndProject
Project("{FAE04EC0-301F-11D3-BF4B-00C04F79EFBC}") = "Xna.Framework.Storage", "..\..\..\kni\src\Xna.Framework.Storage\Xna.Framework.Storage.csproj", "{7AE82BAB-5F52-427A-8F6F-DA829261FF9C}"
EndProject
Project("{FAE04EC0-301F-11D3-BF4B-00C04F79EFBC}") = "Kni.Platform.Blazor.GL", "..\..\..\kni\Platforms\Kni.Platform.Blazor.GL.csproj", "{B404743D-B612-4B47-9BAA-32458E8D93DC}"
EndProject
Project("{FAE04EC0-301F-11D3-BF4B-00C04F79EFBC}") = "Xna.Framework.XR", "..\..\..\kni\src\Xna.Framework.XR\Xna.Framework.XR.csproj", "{6D0D985D-B256-4208-9E78-77897D461698}"
EndProject
Global
	GlobalSection(SolutionConfigurationPlatforms) = preSolution
		Debug|ARM = Debug|ARM
		Debug|x64 = Debug|x64
		Debug|x86 = Debug|x86
		Release|ARM = Release|ARM
		Release|x64 = Release|x64
		Release|x86 = Release|x86
	EndGlobalSection
	GlobalSection(ProjectConfigurationPlatforms) = postSolution
		{4F4E1F4D-33AC-4CEF-9452-F32CFFDFE140}.Debug|ARM.ActiveCfg = Debug|Any CPU
		{4F4E1F4D-33AC-4CEF-9452-F32CFFDFE140}.Debug|ARM.Build.0 = Debug|Any CPU
		{4F4E1F4D-33AC-4CEF-9452-F32CFFDFE140}.Debug|ARM.Deploy.0 = Debug|Any CPU
		{4F4E1F4D-33AC-4CEF-9452-F32CFFDFE140}.Debug|x64.ActiveCfg = Debug|Any CPU
		{4F4E1F4D-33AC-4CEF-9452-F32CFFDFE140}.Debug|x64.Build.0 = Debug|Any CPU
		{4F4E1F4D-33AC-4CEF-9452-F32CFFDFE140}.Debug|x64.Deploy.0 = Debug|Any CPU
		{4F4E1F4D-33AC-4CEF-9452-F32CFFDFE140}.Debug|x86.ActiveCfg = Debug|Any CPU
		{4F4E1F4D-33AC-4CEF-9452-F32CFFDFE140}.Debug|x86.Build.0 = Debug|Any CPU
		{4F4E1F4D-33AC-4CEF-9452-F32CFFDFE140}.Debug|x86.Deploy.0 = Debug|Any CPU
		{4F4E1F4D-33AC-4CEF-9452-F32CFFDFE140}.Release|ARM.ActiveCfg = Release|Any CPU
		{4F4E1F4D-33AC-4CEF-9452-F32CFFDFE140}.Release|ARM.Build.0 = Release|Any CPU
		{4F4E1F4D-33AC-4CEF-9452-F32CFFDFE140}.Release|ARM.Deploy.0 = Release|Any CPU
		{4F4E1F4D-33AC-4CEF-9452-F32CFFDFE140}.Release|x64.ActiveCfg = Release|Any CPU
		{4F4E1F4D-33AC-4CEF-9452-F32CFFDFE140}.Release|x64.Build.0 = Release|Any CPU
		{4F4E1F4D-33AC-4CEF-9452-F32CFFDFE140}.Release|x64.Deploy.0 = Release|Any CPU
		{4F4E1F4D-33AC-4CEF-9452-F32CFFDFE140}.Release|x86.ActiveCfg = Release|Any CPU
		{4F4E1F4D-33AC-4CEF-9452-F32CFFDFE140}.Release|x86.Build.0 = Release|Any CPU
		{4F4E1F4D-33AC-4CEF-9452-F32CFFDFE140}.Release|x86.Deploy.0 = Release|Any CPU
		{1F506D14-8D0A-4B39-9D30-923F4451F1BC}.Debug|ARM.ActiveCfg = Debug|Any CPU
		{1F506D14-8D0A-4B39-9D30-923F4451F1BC}.Debug|ARM.Build.0 = Debug|Any CPU
		{1F506D14-8D0A-4B39-9D30-923F4451F1BC}.Debug|x64.ActiveCfg = Debug|Any CPU
		{1F506D14-8D0A-4B39-9D30-923F4451F1BC}.Debug|x64.Build.0 = Debug|Any CPU
		{1F506D14-8D0A-4B39-9D30-923F4451F1BC}.Debug|x86.ActiveCfg = Debug|Any CPU
		{1F506D14-8D0A-4B39-9D30-923F4451F1BC}.Debug|x86.Build.0 = Debug|Any CPU
		{1F506D14-8D0A-4B39-9D30-923F4451F1BC}.Release|ARM.ActiveCfg = Release|Any CPU
		{1F506D14-8D0A-4B39-9D30-923F4451F1BC}.Release|ARM.Build.0 = Release|Any CPU
		{1F506D14-8D0A-4B39-9D30-923F4451F1BC}.Release|x64.ActiveCfg = Release|Any CPU
		{1F506D14-8D0A-4B39-9D30-923F4451F1BC}.Release|x64.Build.0 = Release|Any CPU
		{1F506D14-8D0A-4B39-9D30-923F4451F1BC}.Release|x86.ActiveCfg = Release|Any CPU
		{1F506D14-8D0A-4B39-9D30-923F4451F1BC}.Release|x86.Build.0 = Release|Any CPU
		{60460739-74BF-4249-BB31-A58A2CC3BB99}.Debug|ARM.ActiveCfg = Debug|Any CPU
		{60460739-74BF-4249-BB31-A58A2CC3BB99}.Debug|ARM.Build.0 = Debug|Any CPU
		{60460739-74BF-4249-BB31-A58A2CC3BB99}.Debug|x64.ActiveCfg = Debug|Any CPU
		{60460739-74BF-4249-BB31-A58A2CC3BB99}.Debug|x64.Build.0 = Debug|Any CPU
		{60460739-74BF-4249-BB31-A58A2CC3BB99}.Debug|x86.ActiveCfg = Debug|Any CPU
		{60460739-74BF-4249-BB31-A58A2CC3BB99}.Debug|x86.Build.0 = Debug|Any CPU
		{60460739-74BF-4249-BB31-A58A2CC3BB99}.Release|ARM.ActiveCfg = Release|Any CPU
		{60460739-74BF-4249-BB31-A58A2CC3BB99}.Release|ARM.Build.0 = Release|Any CPU
		{60460739-74BF-4249-BB31-A58A2CC3BB99}.Release|x64.ActiveCfg = Release|Any CPU
		{60460739-74BF-4249-BB31-A58A2CC3BB99}.Release|x64.Build.0 = Release|Any CPU
		{60460739-74BF-4249-BB31-A58A2CC3BB99}.Release|x86.ActiveCfg = Release|Any CPU
		{60460739-74BF-4249-BB31-A58A2CC3BB99}.Release|x86.Build.0 = Release|Any CPU
		{CE77355B-D921-44A2-9FA3-A30A584070BD}.Debug|ARM.ActiveCfg = Debug|Any CPU
		{CE77355B-D921-44A2-9FA3-A30A584070BD}.Debug|ARM.Build.0 = Debug|Any CPU
		{CE77355B-D921-44A2-9FA3-A30A584070BD}.Debug|x64.ActiveCfg = Debug|Any CPU
		{CE77355B-D921-44A2-9FA3-A30A584070BD}.Debug|x64.Build.0 = Debug|Any CPU
		{CE77355B-D921-44A2-9FA3-A30A584070BD}.Debug|x86.ActiveCfg = Debug|Any CPU
		{CE77355B-D921-44A2-9FA3-A30A584070BD}.Debug|x86.Build.0 = Debug|Any CPU
		{CE77355B-D921-44A2-9FA3-A30A584070BD}.Release|ARM.ActiveCfg = Release|Any CPU
		{CE77355B-D921-44A2-9FA3-A30A584070BD}.Release|ARM.Build.0 = Release|Any CPU
		{CE77355B-D921-44A2-9FA3-A30A584070BD}.Release|x64.ActiveCfg = Release|Any CPU
		{CE77355B-D921-44A2-9FA3-A30A584070BD}.Release|x64.Build.0 = Release|Any CPU
		{CE77355B-D921-44A2-9FA3-A30A584070BD}.Release|x86.ActiveCfg = Release|Any CPU
		{CE77355B-D921-44A2-9FA3-A30A584070BD}.Release|x86.Build.0 = Release|Any CPU
		{5E8C190F-13B9-438D-8984-86147082E359}.Debug|ARM.ActiveCfg = Debug|ARM
		{5E8C190F-13B9-438D-8984-86147082E359}.Debug|ARM.Build.0 = Debug|ARM
		{5E8C190F-13B9-438D-8984-86147082E359}.Debug|ARM.Deploy.0 = Debug|ARM
		{5E8C190F-13B9-438D-8984-86147082E359}.Debug|x64.ActiveCfg = Debug|x64
		{5E8C190F-13B9-438D-8984-86147082E359}.Debug|x64.Build.0 = Debug|x64
		{5E8C190F-13B9-438D-8984-86147082E359}.Debug|x64.Deploy.0 = Debug|x64
		{5E8C190F-13B9-438D-8984-86147082E359}.Debug|x86.ActiveCfg = Debug|x86
		{5E8C190F-13B9-438D-8984-86147082E359}.Debug|x86.Build.0 = Debug|x86
		{5E8C190F-13B9-438D-8984-86147082E359}.Debug|x86.Deploy.0 = Debug|x86
		{5E8C190F-13B9-438D-8984-86147082E359}.Release|ARM.ActiveCfg = Release|ARM
		{5E8C190F-13B9-438D-8984-86147082E359}.Release|ARM.Build.0 = Release|ARM
		{5E8C190F-13B9-438D-8984-86147082E359}.Release|ARM.Deploy.0 = Release|ARM
		{5E8C190F-13B9-438D-8984-86147082E359}.Release|x64.ActiveCfg = Release|x64
		{5E8C190F-13B9-438D-8984-86147082E359}.Release|x64.Build.0 = Release|x64
		{5E8C190F-13B9-438D-8984-86147082E359}.Release|x64.Deploy.0 = Release|x64
		{5E8C190F-13B9-438D-8984-86147082E359}.Release|x86.ActiveCfg = Release|x86
		{5E8C190F-13B9-438D-8984-86147082E359}.Release|x86.Build.0 = Release|x86
		{5E8C190F-13B9-438D-8984-86147082E359}.Release|x86.Deploy.0 = Release|x86
		{B1D69F86-6D11-4143-97EC-D1795251C387}.Debug|ARM.ActiveCfg = Debug|ARM
		{B1D69F86-6D11-4143-97EC-D1795251C387}.Debug|ARM.Build.0 = Debug|ARM
		{B1D69F86-6D11-4143-97EC-D1795251C387}.Debug|ARM.Deploy.0 = Debug|ARM
		{B1D69F86-6D11-4143-97EC-D1795251C387}.Debug|x64.ActiveCfg = Debug|x64
		{B1D69F86-6D11-4143-97EC-D1795251C387}.Debug|x64.Build.0 = Debug|x64
		{B1D69F86-6D11-4143-97EC-D1795251C387}.Debug|x64.Deploy.0 = Debug|x64
		{B1D69F86-6D11-4143-97EC-D1795251C387}.Debug|x86.ActiveCfg = Debug|x86
		{B1D69F86-6D11-4143-97EC-D1795251C387}.Debug|x86.Build.0 = Debug|x86
		{B1D69F86-6D11-4143-97EC-D1795251C387}.Debug|x86.Deploy.0 = Debug|x86
		{B1D69F86-6D11-4143-97EC-D1795251C387}.Release|ARM.ActiveCfg = Release|ARM
		{B1D69F86-6D11-4143-97EC-D1795251C387}.Release|ARM.Build.0 = Release|ARM
		{B1D69F86-6D11-4143-97EC-D1795251C387}.Release|ARM.Deploy.0 = Release|ARM
		{B1D69F86-6D11-4143-97EC-D1795251C387}.Release|x64.ActiveCfg = Release|x64
		{B1D69F86-6D11-4143-97EC-D1795251C387}.Release|x64.Build.0 = Release|x64
		{B1D69F86-6D11-4143-97EC-D1795251C387}.Release|x64.Deploy.0 = Release|x64
		{B1D69F86-6D11-4143-97EC-D1795251C387}.Release|x86.ActiveCfg = Release|x86
		{B1D69F86-6D11-4143-97EC-D1795251C387}.Release|x86.Build.0 = Release|x86
		{B1D69F86-6D11-4143-97EC-D1795251C387}.Release|x86.Deploy.0 = Release|x86
		{47CB82F1-407E-4CC2-8AFD-598300FD1245}.Debug|ARM.ActiveCfg = Debug|Any CPU
		{47CB82F1-407E-4CC2-8AFD-598300FD1245}.Debug|ARM.Build.0 = Debug|Any CPU
		{47CB82F1-407E-4CC2-8AFD-598300FD1245}.Debug|x64.ActiveCfg = Debug|Any CPU
		{47CB82F1-407E-4CC2-8AFD-598300FD1245}.Debug|x64.Build.0 = Debug|Any CPU
		{47CB82F1-407E-4CC2-8AFD-598300FD1245}.Debug|x86.ActiveCfg = Debug|Any CPU
		{47CB82F1-407E-4CC2-8AFD-598300FD1245}.Debug|x86.Build.0 = Debug|Any CPU
		{47CB82F1-407E-4CC2-8AFD-598300FD1245}.Release|ARM.ActiveCfg = Release|Any CPU
		{47CB82F1-407E-4CC2-8AFD-598300FD1245}.Release|ARM.Build.0 = Release|Any CPU
		{47CB82F1-407E-4CC2-8AFD-598300FD1245}.Release|x64.ActiveCfg = Release|Any CPU
		{47CB82F1-407E-4CC2-8AFD-598300FD1245}.Release|x64.Build.0 = Release|Any CPU
		{47CB82F1-407E-4CC2-8AFD-598300FD1245}.Release|x86.ActiveCfg = Release|Any CPU
		{47CB82F1-407E-4CC2-8AFD-598300FD1245}.Release|x86.Build.0 = Release|Any CPU
		{9CCBC6D0-83F8-4DAA-A781-7900E089DE76}.Debug|ARM.ActiveCfg = Debug|Any CPU
		{9CCBC6D0-83F8-4DAA-A781-7900E089DE76}.Debug|ARM.Build.0 = Debug|Any CPU
		{9CCBC6D0-83F8-4DAA-A781-7900E089DE76}.Debug|x64.ActiveCfg = Debug|Any CPU
		{9CCBC6D0-83F8-4DAA-A781-7900E089DE76}.Debug|x64.Build.0 = Debug|Any CPU
		{9CCBC6D0-83F8-4DAA-A781-7900E089DE76}.Debug|x86.ActiveCfg = Debug|Any CPU
		{9CCBC6D0-83F8-4DAA-A781-7900E089DE76}.Debug|x86.Build.0 = Debug|Any CPU
		{9CCBC6D0-83F8-4DAA-A781-7900E089DE76}.Release|ARM.ActiveCfg = Release|Any CPU
		{9CCBC6D0-83F8-4DAA-A781-7900E089DE76}.Release|ARM.Build.0 = Release|Any CPU
		{9CCBC6D0-83F8-4DAA-A781-7900E089DE76}.Release|x64.ActiveCfg = Release|Any CPU
		{9CCBC6D0-83F8-4DAA-A781-7900E089DE76}.Release|x64.Build.0 = Release|Any CPU
		{9CCBC6D0-83F8-4DAA-A781-7900E089DE76}.Release|x86.ActiveCfg = Release|Any CPU
		{9CCBC6D0-83F8-4DAA-A781-7900E089DE76}.Release|x86.Build.0 = Release|Any CPU
		{741B4B1E-89E4-434C-8867-6129838AFD51}.Debug|ARM.ActiveCfg = Debug|Any CPU
		{741B4B1E-89E4-434C-8867-6129838AFD51}.Debug|ARM.Build.0 = Debug|Any CPU
		{741B4B1E-89E4-434C-8867-6129838AFD51}.Debug|x64.ActiveCfg = Debug|Any CPU
		{741B4B1E-89E4-434C-8867-6129838AFD51}.Debug|x64.Build.0 = Debug|Any CPU
		{741B4B1E-89E4-434C-8867-6129838AFD51}.Debug|x86.ActiveCfg = Debug|Any CPU
		{741B4B1E-89E4-434C-8867-6129838AFD51}.Debug|x86.Build.0 = Debug|Any CPU
		{741B4B1E-89E4-434C-8867-6129838AFD51}.Release|ARM.ActiveCfg = Release|Any CPU
		{741B4B1E-89E4-434C-8867-6129838AFD51}.Release|ARM.Build.0 = Release|Any CPU
		{741B4B1E-89E4-434C-8867-6129838AFD51}.Release|x64.ActiveCfg = Release|Any CPU
		{741B4B1E-89E4-434C-8867-6129838AFD51}.Release|x64.Build.0 = Release|Any CPU
		{741B4B1E-89E4-434C-8867-6129838AFD51}.Release|x86.ActiveCfg = Release|Any CPU
		{741B4B1E-89E4-434C-8867-6129838AFD51}.Release|x86.Build.0 = Release|Any CPU
		{3F81F76D-F0F3-44FE-A256-40AF153C33F7}.Debug|ARM.ActiveCfg = Debug|Any CPU
		{3F81F76D-F0F3-44FE-A256-40AF153C33F7}.Debug|ARM.Build.0 = Debug|Any CPU
		{3F81F76D-F0F3-44FE-A256-40AF153C33F7}.Debug|x64.ActiveCfg = Debug|Any CPU
		{3F81F76D-F0F3-44FE-A256-40AF153C33F7}.Debug|x64.Build.0 = Debug|Any CPU
		{3F81F76D-F0F3-44FE-A256-40AF153C33F7}.Debug|x86.ActiveCfg = Debug|Any CPU
		{3F81F76D-F0F3-44FE-A256-40AF153C33F7}.Debug|x86.Build.0 = Debug|Any CPU
		{3F81F76D-F0F3-44FE-A256-40AF153C33F7}.Release|ARM.ActiveCfg = Release|Any CPU
		{3F81F76D-F0F3-44FE-A256-40AF153C33F7}.Release|ARM.Build.0 = Release|Any CPU
		{3F81F76D-F0F3-44FE-A256-40AF153C33F7}.Release|x64.ActiveCfg = Release|Any CPU
		{3F81F76D-F0F3-44FE-A256-40AF153C33F7}.Release|x64.Build.0 = Release|Any CPU
		{3F81F76D-F0F3-44FE-A256-40AF153C33F7}.Release|x86.ActiveCfg = Release|Any CPU
		{3F81F76D-F0F3-44FE-A256-40AF153C33F7}.Release|x86.Build.0 = Release|Any CPU
		{1DC4C439-A8A6-4A11-AB3B-A88DCBA05449}.Debug|ARM.ActiveCfg = Debug|Any CPU
		{1DC4C439-A8A6-4A11-AB3B-A88DCBA05449}.Debug|ARM.Build.0 = Debug|Any CPU
		{1DC4C439-A8A6-4A11-AB3B-A88DCBA05449}.Debug|x64.ActiveCfg = Debug|Any CPU
		{1DC4C439-A8A6-4A11-AB3B-A88DCBA05449}.Debug|x64.Build.0 = Debug|Any CPU
		{1DC4C439-A8A6-4A11-AB3B-A88DCBA05449}.Debug|x86.ActiveCfg = Debug|Any CPU
		{1DC4C439-A8A6-4A11-AB3B-A88DCBA05449}.Debug|x86.Build.0 = Debug|Any CPU
		{1DC4C439-A8A6-4A11-AB3B-A88DCBA05449}.Release|ARM.ActiveCfg = Release|Any CPU
		{1DC4C439-A8A6-4A11-AB3B-A88DCBA05449}.Release|ARM.Build.0 = Release|Any CPU
		{1DC4C439-A8A6-4A11-AB3B-A88DCBA05449}.Release|x64.ActiveCfg = Release|Any CPU
		{1DC4C439-A8A6-4A11-AB3B-A88DCBA05449}.Release|x64.Build.0 = Release|Any CPU
		{1DC4C439-A8A6-4A11-AB3B-A88DCBA05449}.Release|x86.ActiveCfg = Release|Any CPU
		{1DC4C439-A8A6-4A11-AB3B-A88DCBA05449}.Release|x86.Build.0 = Release|Any CPU
		{6B3E56F7-C567-463C-9746-0244FD959322}.Debug|ARM.ActiveCfg = Debug|Any CPU
		{6B3E56F7-C567-463C-9746-0244FD959322}.Debug|ARM.Build.0 = Debug|Any CPU
		{6B3E56F7-C567-463C-9746-0244FD959322}.Debug|x64.ActiveCfg = Debug|Any CPU
		{6B3E56F7-C567-463C-9746-0244FD959322}.Debug|x64.Build.0 = Debug|Any CPU
		{6B3E56F7-C567-463C-9746-0244FD959322}.Debug|x86.ActiveCfg = Debug|Any CPU
		{6B3E56F7-C567-463C-9746-0244FD959322}.Debug|x86.Build.0 = Debug|Any CPU
		{6B3E56F7-C567-463C-9746-0244FD959322}.Release|ARM.ActiveCfg = Release|Any CPU
		{6B3E56F7-C567-463C-9746-0244FD959322}.Release|ARM.Build.0 = Release|Any CPU
		{6B3E56F7-C567-463C-9746-0244FD959322}.Release|x64.ActiveCfg = Release|Any CPU
		{6B3E56F7-C567-463C-9746-0244FD959322}.Release|x64.Build.0 = Release|Any CPU
		{6B3E56F7-C567-463C-9746-0244FD959322}.Release|x86.ActiveCfg = Release|Any CPU
		{6B3E56F7-C567-463C-9746-0244FD959322}.Release|x86.Build.0 = Release|Any CPU
		{90BBD6EF-F386-4F47-88CD-BF386C7D1705}.Debug|ARM.ActiveCfg = Debug|Any CPU
		{90BBD6EF-F386-4F47-88CD-BF386C7D1705}.Debug|ARM.Build.0 = Debug|Any CPU
		{90BBD6EF-F386-4F47-88CD-BF386C7D1705}.Debug|x64.ActiveCfg = Debug|Any CPU
		{90BBD6EF-F386-4F47-88CD-BF386C7D1705}.Debug|x64.Build.0 = Debug|Any CPU
		{90BBD6EF-F386-4F47-88CD-BF386C7D1705}.Debug|x86.ActiveCfg = Debug|Any CPU
		{90BBD6EF-F386-4F47-88CD-BF386C7D1705}.Debug|x86.Build.0 = Debug|Any CPU
		{90BBD6EF-F386-4F47-88CD-BF386C7D1705}.Release|ARM.ActiveCfg = Release|Any CPU
		{90BBD6EF-F386-4F47-88CD-BF386C7D1705}.Release|ARM.Build.0 = Release|Any CPU
		{90BBD6EF-F386-4F47-88CD-BF386C7D1705}.Release|x64.ActiveCfg = Release|Any CPU
		{90BBD6EF-F386-4F47-88CD-BF386C7D1705}.Release|x64.Build.0 = Release|Any CPU
		{90BBD6EF-F386-4F47-88CD-BF386C7D1705}.Release|x86.ActiveCfg = Release|Any CPU
		{90BBD6EF-F386-4F47-88CD-BF386C7D1705}.Release|x86.Build.0 = Release|Any CPU
		{4B8D3F73-BBD2-4057-B86B-8B73B957DC0F}.Debug|ARM.ActiveCfg = Debug|Any CPU
		{4B8D3F73-BBD2-4057-B86B-8B73B957DC0F}.Debug|ARM.Build.0 = Debug|Any CPU
		{4B8D3F73-BBD2-4057-B86B-8B73B957DC0F}.Debug|x64.ActiveCfg = Debug|Any CPU
		{4B8D3F73-BBD2-4057-B86B-8B73B957DC0F}.Debug|x64.Build.0 = Debug|Any CPU
		{4B8D3F73-BBD2-4057-B86B-8B73B957DC0F}.Debug|x86.ActiveCfg = Debug|Any CPU
		{4B8D3F73-BBD2-4057-B86B-8B73B957DC0F}.Debug|x86.Build.0 = Debug|Any CPU
		{4B8D3F73-BBD2-4057-B86B-8B73B957DC0F}.Release|ARM.ActiveCfg = Release|Any CPU
		{4B8D3F73-BBD2-4057-B86B-8B73B957DC0F}.Release|ARM.Build.0 = Release|Any CPU
		{4B8D3F73-BBD2-4057-B86B-8B73B957DC0F}.Release|x64.ActiveCfg = Release|Any CPU
		{4B8D3F73-BBD2-4057-B86B-8B73B957DC0F}.Release|x64.Build.0 = Release|Any CPU
		{4B8D3F73-BBD2-4057-B86B-8B73B957DC0F}.Release|x86.ActiveCfg = Release|Any CPU
		{4B8D3F73-BBD2-4057-B86B-8B73B957DC0F}.Release|x86.Build.0 = Release|Any CPU
		{8FB8B257-C091-4C41-B221-75C37B68CD8F}.Debug|ARM.ActiveCfg = Debug|Any CPU
		{8FB8B257-C091-4C41-B221-75C37B68CD8F}.Debug|ARM.Build.0 = Debug|Any CPU
		{8FB8B257-C091-4C41-B221-75C37B68CD8F}.Debug|x64.ActiveCfg = Debug|Any CPU
		{8FB8B257-C091-4C41-B221-75C37B68CD8F}.Debug|x64.Build.0 = Debug|Any CPU
		{8FB8B257-C091-4C41-B221-75C37B68CD8F}.Debug|x86.ActiveCfg = Debug|Any CPU
		{8FB8B257-C091-4C41-B221-75C37B68CD8F}.Debug|x86.Build.0 = Debug|Any CPU
		{8FB8B257-C091-4C41-B221-75C37B68CD8F}.Release|ARM.ActiveCfg = Release|Any CPU
		{8FB8B257-C091-4C41-B221-75C37B68CD8F}.Release|ARM.Build.0 = Release|Any CPU
		{8FB8B257-C091-4C41-B221-75C37B68CD8F}.Release|x64.ActiveCfg = Release|Any CPU
		{8FB8B257-C091-4C41-B221-75C37B68CD8F}.Release|x64.Build.0 = Release|Any CPU
		{8FB8B257-C091-4C41-B221-75C37B68CD8F}.Release|x86.ActiveCfg = Release|Any CPU
		{8FB8B257-C091-4C41-B221-75C37B68CD8F}.Release|x86.Build.0 = Release|Any CPU
		{6E0E6284-13FF-4DC7-8FC2-B6D756EAF1FD}.Debug|ARM.ActiveCfg = Debug|Any CPU
		{6E0E6284-13FF-4DC7-8FC2-B6D756EAF1FD}.Debug|ARM.Build.0 = Debug|Any CPU
		{6E0E6284-13FF-4DC7-8FC2-B6D756EAF1FD}.Debug|x64.ActiveCfg = Debug|Any CPU
		{6E0E6284-13FF-4DC7-8FC2-B6D756EAF1FD}.Debug|x64.Build.0 = Debug|Any CPU
		{6E0E6284-13FF-4DC7-8FC2-B6D756EAF1FD}.Debug|x86.ActiveCfg = Debug|Any CPU
		{6E0E6284-13FF-4DC7-8FC2-B6D756EAF1FD}.Debug|x86.Build.0 = Debug|Any CPU
		{6E0E6284-13FF-4DC7-8FC2-B6D756EAF1FD}.Release|ARM.ActiveCfg = Release|Any CPU
		{6E0E6284-13FF-4DC7-8FC2-B6D756EAF1FD}.Release|ARM.Build.0 = Release|Any CPU
		{6E0E6284-13FF-4DC7-8FC2-B6D756EAF1FD}.Release|x64.ActiveCfg = Release|Any CPU
		{6E0E6284-13FF-4DC7-8FC2-B6D756EAF1FD}.Release|x64.Build.0 = Release|Any CPU
		{6E0E6284-13FF-4DC7-8FC2-B6D756EAF1FD}.Release|x86.ActiveCfg = Release|Any CPU
		{6E0E6284-13FF-4DC7-8FC2-B6D756EAF1FD}.Release|x86.Build.0 = Release|Any CPU
		{7AE82BAB-5F52-427A-8F6F-DA829261FF9C}.Debug|ARM.ActiveCfg = Debug|Any CPU
		{7AE82BAB-5F52-427A-8F6F-DA829261FF9C}.Debug|ARM.Build.0 = Debug|Any CPU
		{7AE82BAB-5F52-427A-8F6F-DA829261FF9C}.Debug|x64.ActiveCfg = Debug|Any CPU
		{7AE82BAB-5F52-427A-8F6F-DA829261FF9C}.Debug|x64.Build.0 = Debug|Any CPU
		{7AE82BAB-5F52-427A-8F6F-DA829261FF9C}.Debug|x86.ActiveCfg = Debug|Any CPU
		{7AE82BAB-5F52-427A-8F6F-DA829261FF9C}.Debug|x86.Build.0 = Debug|Any CPU
		{7AE82BAB-5F52-427A-8F6F-DA829261FF9C}.Release|ARM.ActiveCfg = Release|Any CPU
		{7AE82BAB-5F52-427A-8F6F-DA829261FF9C}.Release|ARM.Build.0 = Release|Any CPU
		{7AE82BAB-5F52-427A-8F6F-DA829261FF9C}.Release|x64.ActiveCfg = Release|Any CPU
		{7AE82BAB-5F52-427A-8F6F-DA829261FF9C}.Release|x64.Build.0 = Release|Any CPU
		{7AE82BAB-5F52-427A-8F6F-DA829261FF9C}.Release|x86.ActiveCfg = Release|Any CPU
		{7AE82BAB-5F52-427A-8F6F-DA829261FF9C}.Release|x86.Build.0 = Release|Any CPU
		{B404743D-B612-4B47-9BAA-32458E8D93DC}.Debug|ARM.ActiveCfg = Debug|Any CPU
		{B404743D-B612-4B47-9BAA-32458E8D93DC}.Debug|ARM.Build.0 = Debug|Any CPU
		{B404743D-B612-4B47-9BAA-32458E8D93DC}.Debug|x64.ActiveCfg = Debug|Any CPU
		{B404743D-B612-4B47-9BAA-32458E8D93DC}.Debug|x64.Build.0 = Debug|Any CPU
		{B404743D-B612-4B47-9BAA-32458E8D93DC}.Debug|x86.ActiveCfg = Debug|Any CPU
		{B404743D-B612-4B47-9BAA-32458E8D93DC}.Debug|x86.Build.0 = Debug|Any CPU
		{B404743D-B612-4B47-9BAA-32458E8D93DC}.Release|ARM.ActiveCfg = Release|Any CPU
		{B404743D-B612-4B47-9BAA-32458E8D93DC}.Release|ARM.Build.0 = Release|Any CPU
		{B404743D-B612-4B47-9BAA-32458E8D93DC}.Release|x64.ActiveCfg = Release|Any CPU
		{B404743D-B612-4B47-9BAA-32458E8D93DC}.Release|x64.Build.0 = Release|Any CPU
		{B404743D-B612-4B47-9BAA-32458E8D93DC}.Release|x86.ActiveCfg = Release|Any CPU
		{B404743D-B612-4B47-9BAA-32458E8D93DC}.Release|x86.Build.0 = Release|Any CPU
		{6D0D985D-B256-4208-9E78-77897D461698}.Debug|ARM.ActiveCfg = Debug|Any CPU
		{6D0D985D-B256-4208-9E78-77897D461698}.Debug|ARM.Build.0 = Debug|Any CPU
		{6D0D985D-B256-4208-9E78-77897D461698}.Debug|x64.ActiveCfg = Debug|Any CPU
		{6D0D985D-B256-4208-9E78-77897D461698}.Debug|x64.Build.0 = Debug|Any CPU
		{6D0D985D-B256-4208-9E78-77897D461698}.Debug|x86.ActiveCfg = Debug|Any CPU
		{6D0D985D-B256-4208-9E78-77897D461698}.Debug|x86.Build.0 = Debug|Any CPU
		{6D0D985D-B256-4208-9E78-77897D461698}.Release|ARM.ActiveCfg = Release|Any CPU
		{6D0D985D-B256-4208-9E78-77897D461698}.Release|ARM.Build.0 = Release|Any CPU
		{6D0D985D-B256-4208-9E78-77897D461698}.Release|x64.ActiveCfg = Release|Any CPU
		{6D0D985D-B256-4208-9E78-77897D461698}.Release|x64.Build.0 = Release|Any CPU
		{6D0D985D-B256-4208-9E78-77897D461698}.Release|x86.ActiveCfg = Release|Any CPU
		{6D0D985D-B256-4208-9E78-77897D461698}.Release|x86.Build.0 = Release|Any CPU
	EndGlobalSection
	GlobalSection(SolutionProperties) = preSolution
		HideSolutionNode = FALSE
	EndGlobalSection
	GlobalSection(NestedProjects) = preSolution
		{B9ADD879-CC12-44CC-B809-BCE91FA444DE} = {62BB07D4-1A41-4052-8EAE-145BF8690028}
		{4F4E1F4D-33AC-4CEF-9452-F32CFFDFE140} = {62BB07D4-1A41-4052-8EAE-145BF8690028}
		{1F506D14-8D0A-4B39-9D30-923F4451F1BC} = {62BB07D4-1A41-4052-8EAE-145BF8690028}
		{60460739-74BF-4249-BB31-A58A2CC3BB99} = {62BB07D4-1A41-4052-8EAE-145BF8690028}
		{CE77355B-D921-44A2-9FA3-A30A584070BD} = {62BB07D4-1A41-4052-8EAE-145BF8690028}
		{5E8C190F-13B9-438D-8984-86147082E359} = {62BB07D4-1A41-4052-8EAE-145BF8690028}
		{B1D69F86-6D11-4143-97EC-D1795251C387} = {62BB07D4-1A41-4052-8EAE-145BF8690028}
		{47CB82F1-407E-4CC2-8AFD-598300FD1245} = {62BB07D4-1A41-4052-8EAE-145BF8690028}
		{9CCBC6D0-83F8-4DAA-A781-7900E089DE76} = {62BB07D4-1A41-4052-8EAE-145BF8690028}
		{741B4B1E-89E4-434C-8867-6129838AFD51} = {19ABD283-07DE-49BC-9B29-F3EE45CEFC84}
		{3F81F76D-F0F3-44FE-A256-40AF153C33F7} = {19ABD283-07DE-49BC-9B29-F3EE45CEFC84}
		{1DC4C439-A8A6-4A11-AB3B-A88DCBA05449} = {19ABD283-07DE-49BC-9B29-F3EE45CEFC84}
		{6B3E56F7-C567-463C-9746-0244FD959322} = {19ABD283-07DE-49BC-9B29-F3EE45CEFC84}
		{90BBD6EF-F386-4F47-88CD-BF386C7D1705} = {19ABD283-07DE-49BC-9B29-F3EE45CEFC84}
		{4B8D3F73-BBD2-4057-B86B-8B73B957DC0F} = {19ABD283-07DE-49BC-9B29-F3EE45CEFC84}
		{8FB8B257-C091-4C41-B221-75C37B68CD8F} = {19ABD283-07DE-49BC-9B29-F3EE45CEFC84}
		{6E0E6284-13FF-4DC7-8FC2-B6D756EAF1FD} = {19ABD283-07DE-49BC-9B29-F3EE45CEFC84}
		{7AE82BAB-5F52-427A-8F6F-DA829261FF9C} = {19ABD283-07DE-49BC-9B29-F3EE45CEFC84}
		{B404743D-B612-4B47-9BAA-32458E8D93DC} = {F94BB5EE-467D-45D6-9FE6-4CF72A32B74E}
		{6D0D985D-B256-4208-9E78-77897D461698} = {19ABD283-07DE-49BC-9B29-F3EE45CEFC84}
	EndGlobalSection
	GlobalSection(ExtensibilityGlobals) = postSolution
		        SolutionGuid = {415A0BFD-4C54-4CA9-81D3-0F3A0B1EC3D3}
	EndGlobalSection
	GlobalSection(SharedMSBuildProjectFiles) = preSolution
		Primitives3D\Primitives3D.projitems*{47cb82f1-407e-4cc2-8afd-598300fd1245}*SharedItemsImports = 5
		Primitives3D\Primitives3D.projitems*{9ccbc6d0-83f8-4daa-a781-7900e089de76}*SharedItemsImports = 5
		Primitives3D\Primitives3D.projitems*{b9add879-cc12-44cc-b809-bce91fa444de}*SharedItemsImports = 13
		Primitives3D\Primitives3D.projitems*{ce77355b-d921-44a2-9fa3-a30a584070bd}*SharedItemsImports = 5
	EndGlobalSection
EndGlobal
